# This file is automatically @generated by Poetry 1.4.2 and should not be changed by hand.

[[package]]
name = "bitarray"
version = "2.7.6"
description = "efficient arrays of booleans -- C extension"
category = "main"
optional = false
python-versions = "*"
files = [
    {file = "bitarray-2.7.6-cp310-cp310-macosx_10_9_universal2.whl", hash = "sha256:82816e361303817ac79d6870d51a3c7f1f343e816a0b1d885b713389d9bba425"},
    {file = "bitarray-2.7.6-cp310-cp310-macosx_10_9_x86_64.whl", hash = "sha256:b798d37fcd8e78e381660a65c434c3f60713c6f076fcecfd22544ec46d7416e6"},
    {file = "bitarray-2.7.6-cp310-cp310-macosx_11_0_arm64.whl", hash = "sha256:f5b133a161bb4426e0bdd0e53be979dfdc5f63f14043b8e194d1fba6391e1672"},
    {file = "bitarray-2.7.6-cp310-cp310-manylinux_2_17_aarch64.manylinux2014_aarch64.whl", hash = "sha256:aafd10decf8940e8f2d21e25b32b21ae9fd1aa58f168ea97f0f82adb0f6aa33a"},
    {file = "bitarray-2.7.6-cp310-cp310-manylinux_2_17_ppc64le.manylinux2014_ppc64le.whl", hash = "sha256:913e767a3d9a50d2213f5e22db4e87b8a29acc38be5001d29b6be42b1361b812"},
    {file = "bitarray-2.7.6-cp310-cp310-manylinux_2_17_s390x.manylinux2014_s390x.whl", hash = "sha256:3ffcde9d694bfb34f82e6739b33fd267bad25e6b4042b43bfffbe3ba31184318"},
    {file = "bitarray-2.7.6-cp310-cp310-manylinux_2_17_x86_64.manylinux2014_x86_64.whl", hash = "sha256:31be9ffbb6dd777233331b2fc08d30957cb01f86e2ee11aa5d7652158fa3b795"},
    {file = "bitarray-2.7.6-cp310-cp310-manylinux_2_5_i686.manylinux1_i686.manylinux_2_17_i686.manylinux2014_i686.whl", hash = "sha256:190d7e018565f0745c76ced5060c2a0a218efb5b3e5df71f8a0da5661decaaf7"},
    {file = "bitarray-2.7.6-cp310-cp310-musllinux_1_1_aarch64.whl", hash = "sha256:ab8fc4de49c75ef358fa9a30a367a163f62b92048a3da084500b88283aba47a6"},
    {file = "bitarray-2.7.6-cp310-cp310-musllinux_1_1_i686.whl", hash = "sha256:1211d16de1814f910fc7f2de74930ea22b4feb9b699eed5ceaef8ed14736fe50"},
    {file = "bitarray-2.7.6-cp310-cp310-musllinux_1_1_ppc64le.whl", hash = "sha256:0f8e85acce0c3434776fc82819dfd09d9003595456f838d50b1009d6ac0be031"},
    {file = "bitarray-2.7.6-cp310-cp310-musllinux_1_1_s390x.whl", hash = "sha256:e095f92ba7c6424fc4918f28ddc998e1628bbf83bd5b0405c08c5591f74560a3"},
    {file = "bitarray-2.7.6-cp310-cp310-musllinux_1_1_x86_64.whl", hash = "sha256:98959be5e864bed9c4fcd90d47d96cf5250d86a2a22b39ec41514c54c80f29bd"},
    {file = "bitarray-2.7.6-cp310-cp310-win32.whl", hash = "sha256:c6a13db2090c16a8753a6b6fb0e5ac0c7ece1930d4fa85c20e885aec550bceb3"},
    {file = "bitarray-2.7.6-cp310-cp310-win_amd64.whl", hash = "sha256:31b2855bd566c965ec00ca5629a2637786e0605005826be0f6f192f3756f2aa2"},
    {file = "bitarray-2.7.6-cp311-cp311-macosx_10_9_universal2.whl", hash = "sha256:87fd489d5b82679528fe096084c4e6976199874edc3c126bb41cd668987bd784"},
    {file = "bitarray-2.7.6-cp311-cp311-macosx_10_9_x86_64.whl", hash = "sha256:557cc0858e5171b542ed48bbb58ae83bc65da82fb3fd88dafd21e33ba1b685d3"},
    {file = "bitarray-2.7.6-cp311-cp311-macosx_11_0_arm64.whl", hash = "sha256:7e40be8a46062ff89c07fe00a0ea7e06a069805cf1f9cb57196a89f52fdcaf80"},
    {file = "bitarray-2.7.6-cp311-cp311-manylinux_2_17_aarch64.manylinux2014_aarch64.whl", hash = "sha256:98e1abda299b516573aa916e4c58bb870dd55f17dd544041d9290cb1c005be30"},
    {file = "bitarray-2.7.6-cp311-cp311-manylinux_2_17_ppc64le.manylinux2014_ppc64le.whl", hash = "sha256:6897bfadf3077685c73cd6ca60ebeaaa40b3bbe060f38f0a6c577bebe37935f4"},
    {file = "bitarray-2.7.6-cp311-cp311-manylinux_2_17_s390x.manylinux2014_s390x.whl", hash = "sha256:30a9347acb24a0ee50cc932c52f58337d5b9503bb5b78f435cf3a47cd7031d86"},
    {file = "bitarray-2.7.6-cp311-cp311-manylinux_2_17_x86_64.manylinux2014_x86_64.whl", hash = "sha256:f16a5e4fd0614d43c1bd5bd0887deca1fcf292253662bce040c169492005fd8a"},
    {file = "bitarray-2.7.6-cp311-cp311-manylinux_2_5_i686.manylinux1_i686.manylinux_2_17_i686.manylinux2014_i686.whl", hash = "sha256:02a871ee6f460d03febdd1577ddab66c7f297a43eff3293ee4cb34f6eb5cacb6"},
    {file = "bitarray-2.7.6-cp311-cp311-musllinux_1_1_aarch64.whl", hash = "sha256:e373bd92a6caf9bb6bb2918e3f6e64ba10045d62c2e376d80d0ec062dcdb19ef"},
    {file = "bitarray-2.7.6-cp311-cp311-musllinux_1_1_i686.whl", hash = "sha256:ca4dc98b56461d3656f3219cfcc4a6845479ab7e6cdc134c7fa2615336c55f76"},
    {file = "bitarray-2.7.6-cp311-cp311-musllinux_1_1_ppc64le.whl", hash = "sha256:2b3527f41bbfd4b8b64b9d7541cd9f8234b0d5a477e59b8c7f666f6f9635ea09"},
    {file = "bitarray-2.7.6-cp311-cp311-musllinux_1_1_s390x.whl", hash = "sha256:4d77b8ed242fa4b70a609e0bf81dd1f2db161ff4a082f7dfe233b491fe4c0c39"},
    {file = "bitarray-2.7.6-cp311-cp311-musllinux_1_1_x86_64.whl", hash = "sha256:efe64997aeabedbaf24543020cc5c672d00cb373e126c12fe7e21e128f548001"},
    {file = "bitarray-2.7.6-cp311-cp311-win32.whl", hash = "sha256:5ac235eb59737bffce44d605a2c1af47e56e28a98bc7c9c763587e8bd8c5ebe0"},
    {file = "bitarray-2.7.6-cp311-cp311-win_amd64.whl", hash = "sha256:2c2bbb73b8dbc52dd26ae40ae83f2e863fc48db6c37ea7fbfd5a750ec62c0a30"},
    {file = "bitarray-2.7.6-cp36-cp36m-macosx_10_9_x86_64.whl", hash = "sha256:d15685830b607088f040ec512d045ab762678d33e813e882a260ae3ee3d381db"},
    {file = "bitarray-2.7.6-cp36-cp36m-manylinux_2_17_aarch64.manylinux2014_aarch64.whl", hash = "sha256:94333a9f419ddf2f92ddbdb34a10a4b2c13e346f077511a35de87a0acea4289f"},
    {file = "bitarray-2.7.6-cp36-cp36m-manylinux_2_17_ppc64le.manylinux2014_ppc64le.whl", hash = "sha256:cff6588ec89b276bab617b15778b20aeb5124df1e04b1c0b5364e9cb8dce6a7f"},
    {file = "bitarray-2.7.6-cp36-cp36m-manylinux_2_17_s390x.manylinux2014_s390x.whl", hash = "sha256:60acdb34def45f72f50a2277763b2a979e4c42dcb4c183a3a9a75bfe195e0b65"},
    {file = "bitarray-2.7.6-cp36-cp36m-manylinux_2_17_x86_64.manylinux2014_x86_64.whl", hash = "sha256:88bfe996b1adb811690333523e2500d700f6d3dfb282b0b77194e8ff1d168873"},
    {file = "bitarray-2.7.6-cp36-cp36m-manylinux_2_5_i686.manylinux1_i686.manylinux_2_17_i686.manylinux2014_i686.whl", hash = "sha256:a56e6e68d0a508b0a2bd81840e31c41f4858585cd72f192264c4f0f8f48fd0c1"},
    {file = "bitarray-2.7.6-cp36-cp36m-musllinux_1_1_aarch64.whl", hash = "sha256:e1ec302eda30e87793bd31c16c18a92118a1072831200247d0a8430e095e9563"},
    {file = "bitarray-2.7.6-cp36-cp36m-musllinux_1_1_i686.whl", hash = "sha256:4d054a65a9b3848744e49f195ef7399841c545c05ad11854982e271331a4577c"},
    {file = "bitarray-2.7.6-cp36-cp36m-musllinux_1_1_ppc64le.whl", hash = "sha256:26e4f99f5bdb20c9275dcb5bde44aaae74c52224f328bf1f691be43d6eaccc2b"},
    {file = "bitarray-2.7.6-cp36-cp36m-musllinux_1_1_s390x.whl", hash = "sha256:523de6f222c310a865f4070f79b2ad0e0b35b9f26b34ee9f93a3dc8ad293dbfb"},
    {file = "bitarray-2.7.6-cp36-cp36m-musllinux_1_1_x86_64.whl", hash = "sha256:bcc8bd9fe25b48cff1702a6ef700f7a7726c8084be8edcae67a1df0d23caa822"},
    {file = "bitarray-2.7.6-cp36-cp36m-win32.whl", hash = "sha256:0efcd03263f70f76298e56b6c5ed454ba89c01777ac25a790725bc063c6170b9"},
    {file = "bitarray-2.7.6-cp36-cp36m-win_amd64.whl", hash = "sha256:31c118dcaaad605c3d8ef953c79554f4822e454e85649dd9fe82e3fcd5017eef"},
    {file = "bitarray-2.7.6-cp37-cp37m-macosx_10_9_x86_64.whl", hash = "sha256:216c113c68523b0d3a0f98c5d12236a1998b5c3bf79bfa17324368bf9d20cd26"},
    {file = "bitarray-2.7.6-cp37-cp37m-manylinux_2_17_aarch64.manylinux2014_aarch64.whl", hash = "sha256:b4451de47a3b2b378f03bc12d4cf49e64895dc263befee2af38420a91e38d4f9"},
    {file = "bitarray-2.7.6-cp37-cp37m-manylinux_2_17_ppc64le.manylinux2014_ppc64le.whl", hash = "sha256:6ad4c0e7e20c7384a111ce1883b91e203fc7950a6d4bb3ccdad23422b359ab4a"},
    {file = "bitarray-2.7.6-cp37-cp37m-manylinux_2_17_s390x.manylinux2014_s390x.whl", hash = "sha256:f57e3e6362d2ca7ab797e423a2d5ed1934b8599d197097458c714cf107f4dc4a"},
    {file = "bitarray-2.7.6-cp37-cp37m-manylinux_2_17_x86_64.manylinux2014_x86_64.whl", hash = "sha256:6f21b59a436ec2f8226c397292e24f9dfb9c3eba904038f50778f2365e68fdea"},
    {file = "bitarray-2.7.6-cp37-cp37m-manylinux_2_5_i686.manylinux1_i686.manylinux_2_17_i686.manylinux2014_i686.whl", hash = "sha256:ae83573d9f30f085755c7ba519f0498ecb773a0f2a7e428ed2a33324975e1cec"},
    {file = "bitarray-2.7.6-cp37-cp37m-musllinux_1_1_aarch64.whl", hash = "sha256:5f36666371fcf8c1adaa0184b5762a7ce8310fdd33f5c39bf085c6dfe5fb0699"},
    {file = "bitarray-2.7.6-cp37-cp37m-musllinux_1_1_i686.whl", hash = "sha256:5df77a37750fff8a107fba2e7adb887d171ae923306fa9a6c6c6c1a22c73da7f"},
    {file = "bitarray-2.7.6-cp37-cp37m-musllinux_1_1_ppc64le.whl", hash = "sha256:08abec79d033ee10d6f4cb2fa9aec952d18eb06ce034b9cdf0cd8e6f2d023254"},
    {file = "bitarray-2.7.6-cp37-cp37m-musllinux_1_1_s390x.whl", hash = "sha256:790aa2272aa6a2b792404a9f672dd136801a3a3860f74298c2542f63a206ed49"},
    {file = "bitarray-2.7.6-cp37-cp37m-musllinux_1_1_x86_64.whl", hash = "sha256:95749278b59247a2a5779f1a0fc216f110eea1aa8af330609b8bdb5f8f55b78f"},
    {file = "bitarray-2.7.6-cp37-cp37m-win32.whl", hash = "sha256:5ebb24415e5838a729484ae698e1a17e27b826d2691d5cc6d4dc44a90f6a89e6"},
    {file = "bitarray-2.7.6-cp37-cp37m-win_amd64.whl", hash = "sha256:79da57026eb2c6b266c55d578b607f71d2eb9c5ae1bb3b32232d7dae059d63ed"},
    {file = "bitarray-2.7.6-cp38-cp38-macosx_10_9_universal2.whl", hash = "sha256:3e9065cbc14ac490e4b1b5520ef33d61e9bdb41d066c7f18b20429c3025ea07e"},
    {file = "bitarray-2.7.6-cp38-cp38-macosx_10_9_x86_64.whl", hash = "sha256:e6f228712a5696f3e13048894fc1f6d70d32421e154476b74595b0309a9d9dcf"},
    {file = "bitarray-2.7.6-cp38-cp38-macosx_11_0_arm64.whl", hash = "sha256:5b803225158bbe17384e0a9f15cffecb5ae019b4d225a21887670ef20acfa4c8"},
    {file = "bitarray-2.7.6-cp38-cp38-manylinux_2_17_aarch64.manylinux2014_aarch64.whl", hash = "sha256:7cc2fd90298cb5e4c5882a8d8f4b39db23280a94387ba10ca266c311135ca57a"},
    {file = "bitarray-2.7.6-cp38-cp38-manylinux_2_17_ppc64le.manylinux2014_ppc64le.whl", hash = "sha256:72f638b6e56480c588580d10e3185dc9770d66a2bee49735ae6ac4277eb701da"},
    {file = "bitarray-2.7.6-cp38-cp38-manylinux_2_17_s390x.manylinux2014_s390x.whl", hash = "sha256:1802d92ba8b97a758f61f6aef8324c7705fe35a4b32ce9ed1569a8ddb43f0e33"},
    {file = "bitarray-2.7.6-cp38-cp38-manylinux_2_17_x86_64.manylinux2014_x86_64.whl", hash = "sha256:2cdcd0b5f6952ed7187f46a7f0ea72436ddbd7111af2263adcbfe2850d0c26e7"},
    {file = "bitarray-2.7.6-cp38-cp38-manylinux_2_5_i686.manylinux1_i686.manylinux_2_17_i686.manylinux2014_i686.whl", hash = "sha256:db83ad25c3ea908f1c983b4b28ab5b9408a18962fa21724a5d1d65887842462d"},
    {file = "bitarray-2.7.6-cp38-cp38-musllinux_1_1_aarch64.whl", hash = "sha256:98afc87b14868bb51f478f01c4d1578a190efb60c1b44dd7fc6dea7a61764889"},
    {file = "bitarray-2.7.6-cp38-cp38-musllinux_1_1_i686.whl", hash = "sha256:2ad866b82dd457239e2d0de864a09cc6efd4ccd2e0706314368835773e2b6018"},
    {file = "bitarray-2.7.6-cp38-cp38-musllinux_1_1_ppc64le.whl", hash = "sha256:c9778c56a4f9cda3c61941ea95db279b52c38e9b9ad174d52fd7174f9ec44c46"},
    {file = "bitarray-2.7.6-cp38-cp38-musllinux_1_1_s390x.whl", hash = "sha256:da810a6704723bbaae3d9d5a0c552c52e15f2b97aff599c5243464e04a9bc5ac"},
    {file = "bitarray-2.7.6-cp38-cp38-musllinux_1_1_x86_64.whl", hash = "sha256:e38fe19d4f6ddc669f8a13fa21b482ec72bc32d2def6b97018dba4db53823848"},
    {file = "bitarray-2.7.6-cp38-cp38-win32.whl", hash = "sha256:17c13936465e4dd2f4b58ce93f4d1fc92a684f1870830581bf950991e1e56eaa"},
    {file = "bitarray-2.7.6-cp38-cp38-win_amd64.whl", hash = "sha256:732642e9284a7dbaca00d8a4837f997462fc01e8207f2be598e179c3b51e20e2"},
    {file = "bitarray-2.7.6-cp39-cp39-macosx_10_9_universal2.whl", hash = "sha256:1b8f439bf3939133ca2a12bfdc6fc2408b50099fd8fec88e5829f1eb9d49d636"},
    {file = "bitarray-2.7.6-cp39-cp39-macosx_10_9_x86_64.whl", hash = "sha256:97496cca479e2b30a5c5354359f1fb85c4a0678b8d651656cc96a6ba3028bc94"},
    {file = "bitarray-2.7.6-cp39-cp39-macosx_11_0_arm64.whl", hash = "sha256:7a8d697e201a2f9b16d292d7fa066b9bbc0123abd9058885e408db984a1b4776"},
    {file = "bitarray-2.7.6-cp39-cp39-manylinux_2_17_aarch64.manylinux2014_aarch64.whl", hash = "sha256:249e5d52785de2615264e579e25d85038e4bea9797e24e47b577e614c1187a2d"},
    {file = "bitarray-2.7.6-cp39-cp39-manylinux_2_17_ppc64le.manylinux2014_ppc64le.whl", hash = "sha256:9e1da9ebd148389bce250403c02ef1f1495984612db534072b0aa101fd051a0b"},
    {file = "bitarray-2.7.6-cp39-cp39-manylinux_2_17_s390x.manylinux2014_s390x.whl", hash = "sha256:c237144123f1eb563c305d70634a97729716bfcd841f1519c33396e62d8ea3bd"},
    {file = "bitarray-2.7.6-cp39-cp39-manylinux_2_17_x86_64.manylinux2014_x86_64.whl", hash = "sha256:1e90774f5453c610a0b62f6d235120c459c1dc0f2c7e8b4871a14f2dcf4d74cc"},
    {file = "bitarray-2.7.6-cp39-cp39-manylinux_2_5_i686.manylinux1_i686.manylinux_2_17_i686.manylinux2014_i686.whl", hash = "sha256:07ac65cae21d79a4642a85109e40da48903c58fd14b7e42f31c48c37b7b8a37a"},
    {file = "bitarray-2.7.6-cp39-cp39-musllinux_1_1_aarch64.whl", hash = "sha256:1eeeb25912fc4832546d328032e345d281720c2c73effd2234feb24045cfb10e"},
    {file = "bitarray-2.7.6-cp39-cp39-musllinux_1_1_i686.whl", hash = "sha256:37429158856fe0548786910ebc16e56606a60f01946f746cb7a6a78acf787711"},
    {file = "bitarray-2.7.6-cp39-cp39-musllinux_1_1_ppc64le.whl", hash = "sha256:5ecdb1f22f9aae4405393cf845b1a43bbf786536fa673aae92745508ca8c84ef"},
    {file = "bitarray-2.7.6-cp39-cp39-musllinux_1_1_s390x.whl", hash = "sha256:1bc7466820fae5376e2c0c9592e67ffd2a5fb1ab261942357ba23b5252b5eae5"},
    {file = "bitarray-2.7.6-cp39-cp39-musllinux_1_1_x86_64.whl", hash = "sha256:900cc391b38bf098f30ae5847c2df30f413b9311f27f13ced1818cbc28da928c"},
    {file = "bitarray-2.7.6-cp39-cp39-win32.whl", hash = "sha256:17d2df5517ab961b6ce679c050884141439695a931539597fea76933891f04a0"},
    {file = "bitarray-2.7.6-cp39-cp39-win_amd64.whl", hash = "sha256:66ebfee12371d9cf7f59eb8964fcb1e711f075df6a2e29880c9aa8b55fa5bce4"},
    {file = "bitarray-2.7.6-pp37-pypy37_pp73-macosx_10_9_x86_64.whl", hash = "sha256:17df9b29105beec4dc4a489041783ddfe9de2628706bd4255863acfe3a78e648"},
    {file = "bitarray-2.7.6-pp37-pypy37_pp73-manylinux_2_17_aarch64.manylinux2014_aarch64.whl", hash = "sha256:ffdb9106fd0d36b0a87db9903e3078877a9cdde98e064b76f24f6d8eb46067e6"},
    {file = "bitarray-2.7.6-pp37-pypy37_pp73-manylinux_2_17_x86_64.manylinux2014_x86_64.whl", hash = "sha256:689859e796d39d0151d1d7a0f50b8119547cbd76d815884e8d8ff5e7e3ce8244"},
    {file = "bitarray-2.7.6-pp37-pypy37_pp73-manylinux_2_5_i686.manylinux1_i686.manylinux_2_17_i686.manylinux2014_i686.whl", hash = "sha256:bff837274244e1dcf57e43820ccd8f95736ab30e7f5f0c79e81f655717060d37"},
    {file = "bitarray-2.7.6-pp37-pypy37_pp73-win_amd64.whl", hash = "sha256:ffd1d8edb67b8ca264e033a349b611426b5b84c3eec410aeb6df67b784450131"},
    {file = "bitarray-2.7.6-pp38-pypy38_pp73-macosx_10_9_x86_64.whl", hash = "sha256:915abc5db73dd2e15182bc2b281e0aa565124068a6f36f8237d3479804478ea8"},
    {file = "bitarray-2.7.6-pp38-pypy38_pp73-manylinux_2_17_aarch64.manylinux2014_aarch64.whl", hash = "sha256:90a246583ff481c869227058988f5d2cfe5dd5a6cf76596b6e8de88cc10d440a"},
    {file = "bitarray-2.7.6-pp38-pypy38_pp73-manylinux_2_17_x86_64.manylinux2014_x86_64.whl", hash = "sha256:24f7804bd40deba52fb14c5c1510273e6e4a084ef7c9896a30bd9ee5353dbc40"},
    {file = "bitarray-2.7.6-pp38-pypy38_pp73-manylinux_2_5_i686.manylinux1_i686.manylinux_2_17_i686.manylinux2014_i686.whl", hash = "sha256:56e4f09d684337e33f6ad24bf4cda984de07b969865bfe2a8fd556ee1e1581cc"},
    {file = "bitarray-2.7.6-pp38-pypy38_pp73-win_amd64.whl", hash = "sha256:bbb093c86e2c747ba3e81b01924353d982d4f6b62cce76a5eb1eb157cdf499e9"},
    {file = "bitarray-2.7.6-pp39-pypy39_pp73-macosx_10_9_x86_64.whl", hash = "sha256:13734e42f83a7ef75c876458619e11863f1d60644c83ff9a5ce21abf2935f331"},
    {file = "bitarray-2.7.6-pp39-pypy39_pp73-manylinux_2_17_aarch64.manylinux2014_aarch64.whl", hash = "sha256:9439459b58ff0cd29883445662c5d80cee109c4ce5984001798bb74a31b1ac9e"},
    {file = "bitarray-2.7.6-pp39-pypy39_pp73-manylinux_2_17_x86_64.manylinux2014_x86_64.whl", hash = "sha256:952170c03bc415719156594aed10c7b20ce7d4389551f6bc89969e23486d245c"},
    {file = "bitarray-2.7.6-pp39-pypy39_pp73-manylinux_2_5_i686.manylinux1_i686.manylinux_2_17_i686.manylinux2014_i686.whl", hash = "sha256:8a13774c45e9f59941b374a0e489f6660fcb4d027005748036a829cfab097c14"},
    {file = "bitarray-2.7.6-pp39-pypy39_pp73-win_amd64.whl", hash = "sha256:2d6a93eb2af22deba0e6f7353a68457fa04f933d59c6a0ca420759c0527850cd"},
    {file = "bitarray-2.7.6.tar.gz", hash = "sha256:3807f9323c308bc3f9b58cbe5d04dc28f34ac32d852999334da96b42f64b5356"},
]

[[package]]
name = "colorama"
version = "0.4.6"
description = "Cross-platform colored terminal text."
category = "main"
optional = false
python-versions = "!=3.0.*,!=3.1.*,!=3.2.*,!=3.3.*,!=3.4.*,!=3.5.*,!=3.6.*,>=2.7"
files = [
    {file = "colorama-0.4.6-py2.py3-none-any.whl", hash = "sha256:4f1d9991f5acc0ca119f9d443620b77f9d6b33703e51011c16baf57afb285fc6"},
    {file = "colorama-0.4.6.tar.gz", hash = "sha256:08695f5cb7ed6e0531a20572697297273c47b8cae5a63ffc6d6ed5c201be6e44"},
]

[[package]]
name = "iniconfig"
version = "2.0.0"
description = "brain-dead simple config-ini parsing"
category = "main"
optional = false
python-versions = ">=3.7"
files = [
    {file = "iniconfig-2.0.0-py3-none-any.whl", hash = "sha256:b6a85871a79d2e3b22d2d1b94ac2824226a63c6b741c88f7ae975f18b6778374"},
    {file = "iniconfig-2.0.0.tar.gz", hash = "sha256:2d91e135bf72d31a410b17c16da610a82cb55f6b0477d1a902134b24a455b8b3"},
]

[[package]]
name = "packaging"
version = "23.1"
description = "Core utilities for Python packages"
category = "main"
optional = false
python-versions = ">=3.7"
files = [
    {file = "packaging-23.1-py3-none-any.whl", hash = "sha256:994793af429502c4ea2ebf6bf664629d07c1a9fe974af92966e4b8d2df7edc61"},
    {file = "packaging-23.1.tar.gz", hash = "sha256:a392980d2b6cffa644431898be54b0045151319d1e7ec34f0cfed48767dd334f"},
]

[[package]]
name = "pluggy"
version = "1.2.0"
description = "plugin and hook calling mechanisms for python"
category = "main"
optional = false
python-versions = ">=3.7"
files = [
    {file = "pluggy-1.2.0-py3-none-any.whl", hash = "sha256:c2fd55a7d7a3863cba1a013e4e2414658b1d07b6bc57b3919e0c63c9abb99849"},
    {file = "pluggy-1.2.0.tar.gz", hash = "sha256:d12f0c4b579b15f5e054301bb226ee85eeeba08ffec228092f8defbaa3a4c4b3"},
]

[package.extras]
dev = ["pre-commit", "tox"]
testing = ["pytest", "pytest-benchmark"]

[[package]]
name = "pytest"
version = "7.4.0"
description = "pytest: simple powerful testing with Python"
category = "main"
optional = false
python-versions = ">=3.7"
files = [
    {file = "pytest-7.4.0-py3-none-any.whl", hash = "sha256:78bf16451a2eb8c7a2ea98e32dc119fd2aa758f1d5d66dbf0a59d69a3969df32"},
    {file = "pytest-7.4.0.tar.gz", hash = "sha256:b4bf8c45bd59934ed84001ad51e11b4ee40d40a1229d2c79f9c592b0a3f6bd8a"},
]

[package.dependencies]
colorama = {version = "*", markers = "sys_platform == \"win32\""}
iniconfig = "*"
packaging = "*"
pluggy = ">=0.12,<2.0"

[package.extras]
testing = ["argcomplete", "attrs (>=19.2.0)", "hypothesis (>=3.56)", "mock", "nose", "pygments (>=2.7.2)", "requests", "setuptools", "xmlschema"]

[metadata]
lock-version = "2.0"
python-versions = "^3.11"
content-hash = "650b533a4e53b0470bfe3d6a9aea439e7ecf46da69c4e09b3deac529569b39d6"
